# This file is automatically @generated by Poetry 1.8.4 and should not be changed by hand.

[[package]]
name = "ptw"
version = "1.0.1"
description = "Pooling TLS Wrapper"
optional = false
python-versions = ">=3.5.3"
files = [
    {file = "ptw-1.0.1-py3-none-any.whl", hash = "sha256:860ee1314a2894b44acaa84b98c481d58b855af5be85c25635073caf6eb33d1d"},
    {file = "ptw-1.0.1.tar.gz", hash = "sha256:a21fe1d5482eceb2d0b6efec0c02efc17e6f68e6dbe4286f530226da2bf32286"},
]

[package.extras]
uvloop = ["uvloop (>=0.11.0)"]

[metadata]
lock-version = "2.0"
python-versions = "^3.11"
content-hash = "dce8676016edcab22db116c782a3287b6a4d7f6cab77f6f142bbad4c89c53329"
